<?xml version="1.0" encoding="utf-8"?>
<Project ToolsVersion="4.0" xmlns="http://schemas.microsoft.com/developer/msbuild/2003">
  <ItemGroup>
    <None Include="..\..\apps\reedr\reedr.files" />
    <None Include="..\solver\win32\create_projects.py" />
    <None Include="..\..\apps\dbtool\dbtool.files" />
    <None Include="..\..\libs\libenv\libenv.files" />
    <None Include="..\..\strings\site_strings.txt" />
    <None Include="..\..\strings\client.strings" />
    <None Include="..\..\libs\libremote\libremote.files" />
  </ItemGroup>
  <ItemGroup>
    <CustomBuild Include="projects.cmd" />
  </ItemGroup>
</Project>