<?xml version="1.0" encoding="utf-8"?>
<Project ToolsVersion="4.0" xmlns="http://schemas.microsoft.com/developer/msbuild/2003">
  <ItemGroup>
    <None Include="..\3rdparty.files" />
    <None Include="..\server.files" />
    <None Include="create_projects.py" />
    <None Include="..\dbtool.files" />
    <None Include="..\libenv.files" />
  </ItemGroup>
  <ItemGroup>
    <CustomBuild Include="projects.cmd" />
  </ItemGroup>
</Project>